
Microsoft Visual Studio Solution File, Format Version 12.00
# Visual Studio Version 16
VisualStudioVersion = 16.0.32106.194
MinimumVisualStudioVersion = 10.0.40219.1
Project("{FAE04EC0-301F-11D3-BF4B-00C04F79EFBC}") = "TestSpa", "TestSpa\TestSpa.csproj", "{DA6398D7-2E4A-42B7-9BB6-AD2C7F43C740}"
EndProject
Global
	GlobalSection(SolutionConfigurationPlatforms) = preSolution
		Debug|Any CPU = Debug|Any CPU
		Release|Any CPU = Release|Any CPU
	EndGlobalSection
	GlobalSection(ProjectConfigurationPlatforms) = postSolution
		{DA6398D7-2E4A-42B7-9BB6-AD2C7F43C740}.Debug|Any CPU.ActiveCfg = Debug|Any CPU
		{DA6398D7-2E4A-42B7-9BB6-AD2C7F43C740}.Debug|Any CPU.Build.0 = Debug|Any CPU
		{DA6398D7-2E4A-42B7-9BB6-AD2C7F43C740}.Release|Any CPU.ActiveCfg = Release|Any CPU
		{DA6398D7-2E4A-42B7-9BB6-AD2C7F43C740}.Release|Any CPU.Build.0 = Release|Any CPU
	EndGlobalSection
	GlobalSection(SolutionProperties) = preSolution
		HideSolutionNode = FALSE
	EndGlobalSection
	GlobalSection(ExtensibilityGlobals) = postSolution
		SolutionGuid = {CDB1E6BD-9050-4D0C-915D-81C42C328C82}
	EndGlobalSection
EndGlobal
